
Microsoft Visual Studio Solution File, Format Version 12.00
# Visual Studio Version 17
VisualStudioVersion = 17.4.33205.214
MinimumVisualStudioVersion = 10.0.40219.1
Project("{FAE04EC0-301F-11D3-BF4B-00C04F79EFBC}") = "Lab1_2_MVC", "Lab1_2_MVC\Lab1_2_MVC.csproj", "{70984057-652C-46F0-BD99-04066E3E56C1}"
EndProject
Global
	GlobalSection(SolutionConfigurationPlatforms) = preSolution
		Debug|Any CPU = Debug|Any CPU
		Release|Any CPU = Release|Any CPU
	EndGlobalSection
	GlobalSection(ProjectConfigurationPlatforms) = postSolution
		{70984057-652C-46F0-BD99-04066E3E56C1}.Debug|Any CPU.ActiveCfg = Debug|Any CPU
		{70984057-652C-46F0-BD99-04066E3E56C1}.Debug|Any CPU.Build.0 = Debug|Any CPU
		{70984057-652C-46F0-BD99-04066E3E56C1}.Release|Any CPU.ActiveCfg = Release|Any CPU
		{70984057-652C-46F0-BD99-04066E3E56C1}.Release|Any CPU.Build.0 = Release|Any CPU
	EndGlobalSection
	GlobalSection(SolutionProperties) = preSolution
		HideSolutionNode = FALSE
	EndGlobalSection
	GlobalSection(ExtensibilityGlobals) = postSolution
		SolutionGuid = {46306161-B42F-476E-8BD0-D0C79454EAB4}
	EndGlobalSection
EndGlobal
